// !$*UTF8*$!
{
	archiveVersion = 1;
	classes = {
	};
	objectVersion = 46;
	objects = {

/* Begin PBXBuildFile section */
		F4A62F351DB1FD47007C689E /* AppDelegate.swift in Sources */ = {isa = PBXBuildFile; fileRef = F4A62F341DB1FD47007C689E /* AppDelegate.swift */; };
		F4A62F371DB1FD47007C689E /* ViewController.swift in Sources */ = {isa = PBXBuildFile; fileRef = F4A62F361DB1FD47007C689E /* ViewController.swift */; };
		F4A62F3A1DB1FD47007C689E /* Main.storyboard in Resources */ = {isa = PBXBuildFile; fileRef = F4A62F381DB1FD47007C689E /* Main.storyboard */; };
		F4A62F3D1DB1FD47007C689E /* Sample.xcdatamodeld in Sources */ = {isa = PBXBuildFile; fileRef = F4A62F3B1DB1FD47007C689E /* Sample.xcdatamodeld */; };
		F4A62F3F1DB1FD47007C689E /* Assets.xcassets in Resources */ = {isa = PBXBuildFile; fileRef = F4A62F3E1DB1FD47007C689E /* Assets.xcassets */; };
		F4A62F421DB1FD47007C689E /* LaunchScreen.storyboard in Resources */ = {isa = PBXBuildFile; fileRef = F4A62F401DB1FD47007C689E /* LaunchScreen.storyboard */; };
		F4A62F4D1DB1FD47007C689E /* SampleUITests.swift in Sources */ = {isa = PBXBuildFile; fileRef = F4A62F4C1DB1FD47007C689E /* SampleUITests.swift */; };
/* End PBXBuildFile section */

/* Begin PBXContainerItemProxy section */
		F4A62F491DB1FD47007C689E /* PBXContainerItemProxy */ = {
			isa = PBXContainerItemProxy;
			containerPortal = F4A62F291DB1FD47007C689E /* Project object */;
			proxyType = 1;
			remoteGlobalIDString = F4A62F301DB1FD47007C689E;
			remoteInfo = Sample;
		};
/* End PBXContainerItemProxy section */

/* Begin PBXFileReference section */
		F4A62F311DB1FD47007C689E /* Sample.app */ = {isa = PBXFileReference; explicitFileType = wrapper.application; includeInIndex = 0; path = Sample.app; sourceTree = BUILT_PRODUCTS_DIR; };
		F4A62F341DB1FD47007C689E /* AppDelegate.swift */ = {isa = PBXFileReference; lastKnownFileType = sourcecode.swift; path = AppDelegate.swift; sourceTree = "<group>"; };
		F4A62F361DB1FD47007C689E /* ViewController.swift */ = {isa = PBXFileReference; lastKnownFileType = sourcecode.swift; path = ViewController.swift; sourceTree = "<group>"; };
		F4A62F391DB1FD47007C689E /* Base */ = {isa = PBXFileReference; lastKnownFileType = file.storyboard; name = Base; path = Base.lproj/Main.storyboard; sourceTree = "<group>"; };
		F4A62F3C1DB1FD47007C689E /* Sample.xcdatamodel */ = {isa = PBXFileReference; lastKnownFileType = wrapper.xcdatamodel; path = Sample.xcdatamodel; sourceTree = "<group>"; };
		F4A62F3E1DB1FD47007C689E /* Assets.xcassets */ = {isa = PBXFileReference; lastKnownFileType = folder.assetcatalog; path = Assets.xcassets; sourceTree = "<group>"; };
		F4A62F411DB1FD47007C689E /* Base */ = {isa = PBXFileReference; lastKnownFileType = file.storyboard; name = Base; path = Base.lproj/LaunchScreen.storyboard; sourceTree = "<group>"; };
		F4A62F431DB1FD47007C689E /* Info.plist */ = {isa = PBXFileReference; lastKnownFileType = text.plist.xml; path = Info.plist; sourceTree = "<group>"; };
		F4A62F481DB1FD47007C689E /* SampleUITests.xctest */ = {isa = PBXFileReference; explicitFileType = wrapper.cfbundle; includeInIndex = 0; path = SampleUITests.xctest; sourceTree = BUILT_PRODUCTS_DIR; };
		F4A62F4C1DB1FD47007C689E /* SampleUITests.swift */ = {isa = PBXFileReference; lastKnownFileType = sourcecode.swift; path = SampleUITests.swift; sourceTree = "<group>"; };
		F4A62F4E1DB1FD47007C689E /* Info.plist */ = {isa = PBXFileReference; lastKnownFileType = text.plist.xml; path = Info.plist; sourceTree = "<group>"; };
/* End PBXFileReference section */

/* Begin PBXFrameworksBuildPhase section */
		F4A62F2E1DB1FD47007C689E /* Frameworks */ = {
			isa = PBXFrameworksBuildPhase;
			buildActionMask = 2147483647;
			files = (
			);
			runOnlyForDeploymentPostprocessing = 0;
		};
		F4A62F451DB1FD47007C689E /* Frameworks */ = {
			isa = PBXFrameworksBuildPhase;
			buildActionMask = 2147483647;
			files = (
			);
			runOnlyForDeploymentPostprocessing = 0;
		};
/* End PBXFrameworksBuildPhase section */

/* Begin PBXGroup section */
		F4A62F281DB1FD47007C689E = {
			isa = PBXGroup;
			children = (
				F4A62F331DB1FD47007C689E /* Sample */,
				F4A62F4B1DB1FD47007C689E /* SampleUITests */,
				F4A62F321DB1FD47007C689E /* Products */,
			);
			sourceTree = "<group>";
		};
		F4A62F321DB1FD47007C689E /* Products */ = {
			isa = PBXGroup;
			children = (
				F4A62F311DB1FD47007C689E /* Sample.app */,
				F4A62F481DB1FD47007C689E /* SampleUITests.xctest */,
			);
			name = Products;
			sourceTree = "<group>";
		};
		F4A62F331DB1FD47007C689E /* Sample */ = {
			isa = PBXGroup;
			children = (
				F4A62F341DB1FD47007C689E /* AppDelegate.swift */,
				F4A62F361DB1FD47007C689E /* ViewController.swift */,
				F4A62F381DB1FD47007C689E /* Main.storyboard */,
				F4A62F3E1DB1FD47007C689E /* Assets.xcassets */,
				F4A62F401DB1FD47007C689E /* LaunchScreen.storyboard */,
				F4A62F431DB1FD47007C689E /* Info.plist */,
				F4A62F3B1DB1FD47007C689E /* Sample.xcdatamodeld */,
			);
			path = Sample;
			sourceTree = "<group>";
		};
		F4A62F4B1DB1FD47007C689E /* SampleUITests */ = {
			isa = PBXGroup;
			children = (
				F4A62F4C1DB1FD47007C689E /* SampleUITests.swift */,
				F4A62F4E1DB1FD47007C689E /* Info.plist */,
			);
			path = SampleUITests;
			sourceTree = "<group>";
		};
/* End PBXGroup section */

/* Begin PBXNativeTarget section */
		F4A62F301DB1FD47007C689E /* Sample */ = {
			isa = PBXNativeTarget;
			buildConfigurationList = F4A62F511DB1FD47007C689E /* Build configuration list for PBXNativeTarget "Sample" */;
			buildPhases = (
				F4A62F2D1DB1FD47007C689E /* Sources */,
				F4A62F2E1DB1FD47007C689E /* Frameworks */,
				F4A62F2F1DB1FD47007C689E /* Resources */,
			);
			buildRules = (
			);
			dependencies = (
			);
			name = Sample;
			productName = Sample;
			productReference = F4A62F311DB1FD47007C689E /* Sample.app */;
			productType = "com.apple.product-type.application";
		};
		F4A62F471DB1FD47007C689E /* SampleUITests */ = {
			isa = PBXNativeTarget;
			buildConfigurationList = F4A62F541DB1FD47007C689E /* Build configuration list for PBXNativeTarget "SampleUITests" */;
			buildPhases = (
				F4A62F441DB1FD47007C689E /* Sources */,
				F4A62F451DB1FD47007C689E /* Frameworks */,
				F4A62F461DB1FD47007C689E /* Resources */,
			);
			buildRules = (
			);
			dependencies = (
				F4A62F4A1DB1FD47007C689E /* PBXTargetDependency */,
			);
			name = SampleUITests;
			productName = SampleUITests;
			productReference = F4A62F481DB1FD47007C689E /* SampleUITests.xctest */;
			productType = "com.apple.product-type.bundle.ui-testing";
		};
/* End PBXNativeTarget section */

/* Begin PBXProject section */
		F4A62F291DB1FD47007C689E /* Project object */ = {
			isa = PBXProject;
			attributes = {
				LastSwiftUpdateCheck = 0720;
				LastUpgradeCheck = 0720;
				ORGANIZATIONNAME = Home;
				TargetAttributes = {
					F4A62F301DB1FD47007C689E = {
						CreatedOnToolsVersion = 7.2.1;
					};
					F4A62F471DB1FD47007C689E = {
						CreatedOnToolsVersion = 7.2.1;
						TestTargetID = F4A62F301DB1FD47007C689E;
					};
				};
			};
			buildConfigurationList = F4A62F2C1DB1FD47007C689E /* Build configuration list for PBXProject "Sample" */;
			compatibilityVersion = "Xcode 3.2";
			developmentRegion = English;
			hasScannedForEncodings = 0;
			knownRegions = (
				en,
				Base,
			);
			mainGroup = F4A62F281DB1FD47007C689E;
			productRefGroup = F4A62F321DB1FD47007C689E /* Products */;
			projectDirPath = "";
			projectRoot = "";
			targets = (
				F4A62F301DB1FD47007C689E /* Sample */,
				F4A62F471DB1FD47007C689E /* SampleUITests */,
			);
		};
/* End PBXProject section */

/* Begin PBXResourcesBuildPhase section */
		F4A62F2F1DB1FD47007C689E /* Resources */ = {
			isa = PBXResourcesBuildPhase;
			buildActionMask = 2147483647;
			files = (
				F4A62F421DB1FD47007C689E /* LaunchScreen.storyboard in Resources */,
				F4A62F3F1DB1FD47007C689E /* Assets.xcassets in Resources */,
				F4A62F3A1DB1FD47007C689E /* Main.storyboard in Resources */,
			);
			runOnlyForDeploymentPostprocessing = 0;
		};
		F4A62F461DB1FD47007C689E /* Resources */ = {
			isa = PBXResourcesBuildPhase;
			buildActionMask = 2147483647;
			files = (
			);
			runOnlyForDeploymentPostprocessing = 0;
		};
/* End PBXResourcesBuildPhase section */

/* Begin PBXSourcesBuildPhase section */
		F4A62F2D1DB1FD47007C689E /* Sources */ = {
			isa = PBXSourcesBuildPhase;
			buildActionMask = 2147483647;
			files = (
				F4A62F3D1DB1FD47007C689E /* Sample.xcdatamodeld in Sources */,
				F4A62F371DB1FD47007C689E /* ViewController.swift in Sources */,
				F4A62F351DB1FD47007C689E /* AppDelegate.swift in Sources */,
			);
			runOnlyForDeploymentPostprocessing = 0;
		};
		F4A62F441DB1FD47007C689E /* Sources */ = {
			isa = PBXSourcesBuildPhase;
			buildActionMask = 2147483647;
			files = (
				F4A62F4D1DB1FD47007C689E /* SampleUITests.swift in Sources */,
			);
			runOnlyForDeploymentPostprocessing = 0;
		};
/* End PBXSourcesBuildPhase section */

/* Begin PBXTargetDependency section */
		F4A62F4A1DB1FD47007C689E /* PBXTargetDependency */ = {
			isa = PBXTargetDependency;
			target = F4A62F301DB1FD47007C689E /* Sample */;
			targetProxy = F4A62F491DB1FD47007C689E /* PBXContainerItemProxy */;
		};
/* End PBXTargetDependency section */

/* Begin PBXVariantGroup section */
		F4A62F381DB1FD47007C689E /* Main.storyboard */ = {
			isa = PBXVariantGroup;
			children = (
				F4A62F391DB1FD47007C689E /* Base */,
			);
			name = Main.storyboard;
			sourceTree = "<group>";
		};
		F4A62F401DB1FD47007C689E /* LaunchScreen.storyboard */ = {
			isa = PBXVariantGroup;
			children = (
				F4A62F411DB1FD47007C689E /* Base */,
			);
			name = LaunchScreen.storyboard;
			sourceTree = "<group>";
		};
/* End PBXVariantGroup section */

/* Begin XCBuildConfiguration section */
		F4A62F4F1DB1FD47007C689E /* Debug */ = {
			isa = XCBuildConfiguration;
			buildSettings = {
				ALWAYS_SEARCH_USER_PATHS = NO;
				CLANG_CXX_LANGUAGE_STANDARD = "gnu++0x";
				CLANG_CXX_LIBRARY = "libc++";
				CLANG_ENABLE_MODULES = YES;
				CLANG_ENABLE_OBJC_ARC = YES;
				CLANG_WARN_BOOL_CONVERSION = YES;
				CLANG_WARN_CONSTANT_CONVERSION = YES;
				CLANG_WARN_DIRECT_OBJC_ISA_USAGE = YES_ERROR;
				CLANG_WARN_EMPTY_BODY = YES;
				CLANG_WARN_ENUM_CONVERSION = YES;
				CLANG_WARN_INT_CONVERSION = YES;
				CLANG_WARN_OBJC_ROOT_CLASS = YES_ERROR;
				CLANG_WARN_UNREACHABLE_CODE = YES;
				CLANG_WARN__DUPLICATE_METHOD_MATCH = YES;
				"CODE_SIGN_IDENTITY[sdk=iphoneos*]" = "iPhone Developer";
				COPY_PHASE_STRIP = NO;
				DEBUG_INFORMATION_FORMAT = dwarf;
				ENABLE_STRICT_OBJC_MSGSEND = YES;
				ENABLE_TESTABILITY = YES;
				GCC_C_LANGUAGE_STANDARD = gnu99;
				GCC_DYNAMIC_NO_PIC = NO;
				GCC_NO_COMMON_BLOCKS = YES;
				GCC_OPTIMIZATION_LEVEL = 0;
				GCC_PREPROCESSOR_DEFINITIONS = (
					"DEBUG=1",
					"$(inherited)",
				);
				GCC_WARN_64_TO_32_BIT_CONVERSION = YES;
				GCC_WARN_ABOUT_RETURN_TYPE = YES_ERROR;
				GCC_WARN_UNDECLARED_SELECTOR = YES;
				GCC_WARN_UNINITIALIZED_AUTOS = YES_AGGRESSIVE;
				GCC_WARN_UNUSED_FUNCTION = YES;
				GCC_WARN_UNUSED_VARIABLE = YES;
				IPHONEOS_DEPLOYMENT_TARGET = 9.2;
				MTL_ENABLE_DEBUG_INFO = YES;
				ONLY_ACTIVE_ARCH = YES;
				SDKROOT = iphoneos;
				SWIFT_OPTIMIZATION_LEVEL = "-Onone";
			};
			name = Debug;
		};
		F4A62F501DB1FD47007C689E /* Release */ = {
			isa = XCBuildConfiguration;
			buildSettings = {
				ALWAYS_SEARCH_USER_PATHS = NO;
				CLANG_CXX_LANGUAGE_STANDARD = "gnu++0x";
				CLANG_CXX_LIBRARY = "libc++";
				CLANG_ENABLE_MODULES = YES;
				CLANG_ENABLE_OBJC_ARC = YES;
				CLANG_WARN_BOOL_CONVERSION = YES;
				CLANG_WARN_CONSTANT_CONVERSION = YES;
				CLANG_WARN_DIRECT_OBJC_ISA_USAGE = YES_ERROR;
				CLANG_WARN_EMPTY_BODY = YES;
				CLANG_WARN_ENUM_CONVERSION = YES;
				CLANG_WARN_INT_CONVERSION = YES;
				CLANG_WARN_OBJC_ROOT_CLASS = YES_ERROR;
				CLANG_WARN_UNREACHABLE_CODE = YES;
				CLANG_WARN__DUPLICATE_METHOD_MATCH = YES;
				"CODE_SIGN_IDENTITY[sdk=iphoneos*]" = "iPhone Developer";
				COPY_PHASE_STRIP = NO;
				DEBUG_INFORMATION_FORMAT = "dwarf-with-dsym";
				ENABLE_NS_ASSERTIONS = NO;
				ENABLE_STRICT_OBJC_MSGSEND = YES;
				GCC_C_LANGUAGE_STANDARD = gnu99;
				GCC_NO_COMMON_BLOCKS = YES;
				GCC_WARN_64_TO_32_BIT_CONVERSION = YES;
				GCC_WARN_ABOUT_RETURN_TYPE = YES_ERROR;
				GCC_WARN_UNDECLARED_SELECTOR = YES;
				GCC_WARN_UNINITIALIZED_AUTOS = YES_AGGRESSIVE;
				GCC_WARN_UNUSED_FUNCTION = YES;
				GCC_WARN_UNUSED_VARIABLE = YES;
				IPHONEOS_DEPLOYMENT_TARGET = 9.2;
				MTL_ENABLE_DEBUG_INFO = NO;
				SDKROOT = iphoneos;
				VALIDATE_PRODUCT = YES;
			};
			name = Release;
		};
		F4A62F521DB1FD47007C689E /* Debug */ = {
			isa = XCBuildConfiguration;
			buildSettings = {
				ASSETCATALOG_COMPILER_APPICON_NAME = AppIcon;
				INFOPLIST_FILE = Sample/Info.plist;
				LD_RUNPATH_SEARCH_PATHS = "$(inherited) @executable_path/Frameworks";
				PRODUCT_BUNDLE_IDENTIFIER = com.teepop.Sample;
				PRODUCT_NAME = "$(TARGET_NAME)";
			};
			name = Debug;
		};
		F4A62F531DB1FD47007C689E /* Release */ = {
			isa = XCBuildConfiguration;
			buildSettings = {
				ASSETCATALOG_COMPILER_APPICON_NAME = AppIcon;
				INFOPLIST_FILE = Sample/Info.plist;
				LD_RUNPATH_SEARCH_PATHS = "$(inherited) @executable_path/Frameworks";
				PRODUCT_BUNDLE_IDENTIFIER = com.teepop.Sample;
				PRODUCT_NAME = "$(TARGET_NAME)";
			};
			name = Release;
		};
		F4A62F551DB1FD47007C689E /* Debug */ = {
			isa = XCBuildConfiguration;
			buildSettings = {
				INFOPLIST_FILE = SampleUITests/Info.plist;
				LD_RUNPATH_SEARCH_PATHS = "$(inherited) @executable_path/Frameworks @loader_path/Frameworks";
				PRODUCT_BUNDLE_IDENTIFIER = com.teepop.SampleUITests;
				PRODUCT_NAME = "$(TARGET_NAME)";
				TEST_TARGET_NAME = Sample;
				USES_XCTRUNNER = YES;
			};
			name = Debug;
		};
		F4A62F561DB1FD47007C689E /* Release */ = {
			isa = XCBuildConfiguration;
			buildSettings = {
				INFOPLIST_FILE = SampleUITests/Info.plist;
				LD_RUNPATH_SEARCH_PATHS = "$(inherited) @executable_path/Frameworks @loader_path/Frameworks";
				PRODUCT_BUNDLE_IDENTIFIER = com.teepop.SampleUITests;
				PRODUCT_NAME = "$(TARGET_NAME)";
				TEST_TARGET_NAME = Sample;
				USES_XCTRUNNER = YES;
			};
			name = Release;
		};
/* End XCBuildConfiguration section */

/* Begin XCConfigurationList section */
		F4A62F2C1DB1FD47007C689E /* Build configuration list for PBXProject "Sample" */ = {
			isa = XCConfigurationList;
			buildConfigurations = (
				F4A62F4F1DB1FD47007C689E /* Debug */,
				F4A62F501DB1FD47007C689E /* Release */,
			);
			defaultConfigurationIsVisible = 0;
			defaultConfigurationName = Release;
		};
		F4A62F511DB1FD47007C689E /* Build configuration list for PBXNativeTarget "Sample" */ = {
			isa = XCConfigurationList;
			buildConfigurations = (
				F4A62F521DB1FD47007C689E /* Debug */,
				F4A62F531DB1FD47007C689E /* Release */,
			);
			defaultConfigurationIsVisible = 0;
		};
		F4A62F541DB1FD47007C689E /* Build configuration list for PBXNativeTarget "SampleUITests" */ = {
			isa = XCConfigurationList;
			buildConfigurations = (
				F4A62F551DB1FD47007C689E /* Debug */,
				F4A62F561DB1FD47007C689E /* Release */,
			);
			defaultConfigurationIsVisible = 0;
		};
/* End XCConfigurationList section */

/* Begin XCVersionGroup section */
		F4A62F3B1DB1FD47007C689E /* Sample.xcdatamodeld */ = {
			isa = XCVersionGroup;
			children = (
				F4A62F3C1DB1FD47007C689E /* Sample.xcdatamodel */,
			);
			currentVersion = F4A62F3C1DB1FD47007C689E /* Sample.xcdatamodel */;
			path = Sample.xcdatamodeld;
			sourceTree = "<group>";
			versionGroupType = wrapper.xcdatamodel;
		};
/* End XCVersionGroup section */
	};
	rootObject = F4A62F291DB1FD47007C689E /* Project object */;
}
